
Microsoft Visual Studio Solution File, Format Version 12.00
# Visual Studio 15
VisualStudioVersion = 15.0.28307.489
MinimumVisualStudioVersion = 10.0.40219.1
Project("{FAE04EC0-301F-11D3-BF4B-00C04F79EFBC}") = "FireGame_Project_asr", "FireGame_Project_asr\FireGame_Project_asr.csproj", "{53C00580-4F50-4D7B-B5BB-FC2FB04E8511}"
EndProject
Project("{FAE04EC0-301F-11D3-BF4B-00C04F79EFBC}") = "FireGame_Project_asrTests", "FireGame_Project_asrTests\FireGame_Project_asrTests.csproj", "{F522BFCC-7FDF-428E-B2A6-9C7CDAD2AB65}"
EndProject
Global
	GlobalSection(SolutionConfigurationPlatforms) = preSolution
		Debug|Any CPU = Debug|Any CPU
		Release|Any CPU = Release|Any CPU
	EndGlobalSection
	GlobalSection(ProjectConfigurationPlatforms) = postSolution
		{53C00580-4F50-4D7B-B5BB-FC2FB04E8511}.Debug|Any CPU.ActiveCfg = Debug|Any CPU
		{53C00580-4F50-4D7B-B5BB-FC2FB04E8511}.Debug|Any CPU.Build.0 = Debug|Any CPU
		{53C00580-4F50-4D7B-B5BB-FC2FB04E8511}.Release|Any CPU.ActiveCfg = Release|Any CPU
		{53C00580-4F50-4D7B-B5BB-FC2FB04E8511}.Release|Any CPU.Build.0 = Release|Any CPU
		{F522BFCC-7FDF-428E-B2A6-9C7CDAD2AB65}.Debug|Any CPU.ActiveCfg = Debug|Any CPU
		{F522BFCC-7FDF-428E-B2A6-9C7CDAD2AB65}.Debug|Any CPU.Build.0 = Debug|Any CPU
		{F522BFCC-7FDF-428E-B2A6-9C7CDAD2AB65}.Release|Any CPU.ActiveCfg = Release|Any CPU
		{F522BFCC-7FDF-428E-B2A6-9C7CDAD2AB65}.Release|Any CPU.Build.0 = Release|Any CPU
	EndGlobalSection
	GlobalSection(SolutionProperties) = preSolution
		HideSolutionNode = FALSE
	EndGlobalSection
	GlobalSection(ExtensibilityGlobals) = postSolution
		SolutionGuid = {B02B74FF-05F3-4896-9CC9-9D6811D38596}
	EndGlobalSection
EndGlobal
